
Microsoft Visual Studio Solution File, Format Version 12.00
# Visual Studio Version 17
VisualStudioVersion = 17.1.32421.90
MinimumVisualStudioVersion = 10.0.40219.1
Project("{FAE04EC0-301F-11D3-BF4B-00C04F79EFBC}") = "practica4", "practica4\practica4.csproj", "{F61281B4-D619-4C6C-AC46-7628EC75BA24}"
EndProject
Global
	GlobalSection(SolutionConfigurationPlatforms) = preSolution
		Debug|Any CPU = Debug|Any CPU
		Release|Any CPU = Release|Any CPU
	EndGlobalSection
	GlobalSection(ProjectConfigurationPlatforms) = postSolution
		{F61281B4-D619-4C6C-AC46-7628EC75BA24}.Debug|Any CPU.ActiveCfg = Debug|Any CPU
		{F61281B4-D619-4C6C-AC46-7628EC75BA24}.Debug|Any CPU.Build.0 = Debug|Any CPU
		{F61281B4-D619-4C6C-AC46-7628EC75BA24}.Release|Any CPU.ActiveCfg = Release|Any CPU
		{F61281B4-D619-4C6C-AC46-7628EC75BA24}.Release|Any CPU.Build.0 = Release|Any CPU
	EndGlobalSection
	GlobalSection(SolutionProperties) = preSolution
		HideSolutionNode = FALSE
	EndGlobalSection
	GlobalSection(ExtensibilityGlobals) = postSolution
		SolutionGuid = {CF14D16B-5418-4314-B0AB-4B56D8BD7AC6}
	EndGlobalSection
EndGlobal
